
Microsoft Visual Studio Solution File, Format Version 12.00
# Visual Studio 15
VisualStudioVersion = 15.0.27703.2042
MinimumVisualStudioVersion = 10.0.40219.1
Project("{FAE04EC0-301F-11D3-BF4B-00C04F79EFBC}") = "Cinema", "Cinema\Cinema.csproj", "{FFCEE96D-4669-4AED-A20C-928ADDD6C7C4}"
EndProject
Project("{FAE04EC0-301F-11D3-BF4B-00C04F79EFBC}") = "CinemaAPI", "CinemaAPI\CinemaAPI.csproj", "{C872BE44-A236-4E07-A4F9-D82E3D657E4A}"
EndProject
Project("{00D1A9C2-B5F0-4AF3-8072-F6C62B433612}") = "Cinema.DataBase", "Cinema.DataBase\Cinema.DataBase.sqlproj", "{102E618C-C1B2-4440-B328-6F25D5D58645}"
EndProject
Global
	GlobalSection(SolutionConfigurationPlatforms) = preSolution
		Debug|Any CPU = Debug|Any CPU
		Release|Any CPU = Release|Any CPU
	EndGlobalSection
	GlobalSection(ProjectConfigurationPlatforms) = postSolution
		{FFCEE96D-4669-4AED-A20C-928ADDD6C7C4}.Debug|Any CPU.ActiveCfg = Debug|Any CPU
		{FFCEE96D-4669-4AED-A20C-928ADDD6C7C4}.Debug|Any CPU.Build.0 = Debug|Any CPU
		{FFCEE96D-4669-4AED-A20C-928ADDD6C7C4}.Release|Any CPU.ActiveCfg = Release|Any CPU
		{FFCEE96D-4669-4AED-A20C-928ADDD6C7C4}.Release|Any CPU.Build.0 = Release|Any CPU
		{C872BE44-A236-4E07-A4F9-D82E3D657E4A}.Debug|Any CPU.ActiveCfg = Debug|Any CPU
		{C872BE44-A236-4E07-A4F9-D82E3D657E4A}.Debug|Any CPU.Build.0 = Debug|Any CPU
		{C872BE44-A236-4E07-A4F9-D82E3D657E4A}.Release|Any CPU.ActiveCfg = Release|Any CPU
		{C872BE44-A236-4E07-A4F9-D82E3D657E4A}.Release|Any CPU.Build.0 = Release|Any CPU
		{102E618C-C1B2-4440-B328-6F25D5D58645}.Debug|Any CPU.ActiveCfg = Debug|Any CPU
		{102E618C-C1B2-4440-B328-6F25D5D58645}.Debug|Any CPU.Build.0 = Debug|Any CPU
		{102E618C-C1B2-4440-B328-6F25D5D58645}.Debug|Any CPU.Deploy.0 = Debug|Any CPU
		{102E618C-C1B2-4440-B328-6F25D5D58645}.Release|Any CPU.ActiveCfg = Release|Any CPU
		{102E618C-C1B2-4440-B328-6F25D5D58645}.Release|Any CPU.Build.0 = Release|Any CPU
		{102E618C-C1B2-4440-B328-6F25D5D58645}.Release|Any CPU.Deploy.0 = Release|Any CPU
	EndGlobalSection
	GlobalSection(SolutionProperties) = preSolution
		HideSolutionNode = FALSE
	EndGlobalSection
	GlobalSection(ExtensibilityGlobals) = postSolution
		SolutionGuid = {0F5CF82E-F5BD-4BCE-AE7F-CD5AF050413A}
	EndGlobalSection
EndGlobal
